
Microsoft Visual Studio Solution File, Format Version 12.00
Project("{FAE04EC0-301F-11D3-BF4B-00C04F79EFBC}") = "API", "API\API.csproj", "{8DE959C4-C197-45C3-8314-7674F7D3BC52}"
EndProject
Project("{FAE04EC0-301F-11D3-BF4B-00C04F79EFBC}") = "Application", "Application\Application.csproj", "{82DEB8FC-E65C-45D4-83A3-715EB73C25B8}"
EndProject
Project("{FAE04EC0-301F-11D3-BF4B-00C04F79EFBC}") = "Domain", "Domain\Domain.csproj", "{62C1F857-5F1A-4448-AE71-3BF58B618187}"
EndProject
Project("{FAE04EC0-301F-11D3-BF4B-00C04F79EFBC}") = "Infrastructure", "Infrastructure\Infrastructure.csproj", "{E144560E-A796-4FCA-8159-617385E00675}"
EndProject
Project("{FAE04EC0-301F-11D3-BF4B-00C04F79EFBC}") = "Persistence", "Persistence\Persistence.csproj", "{D0C4D262-D9BE-44B5-BADF-7EE633B6A3B2}"
EndProject
Global
	GlobalSection(SolutionConfigurationPlatforms) = preSolution
		Debug|Any CPU = Debug|Any CPU
		Release|Any CPU = Release|Any CPU
	EndGlobalSection
	GlobalSection(ProjectConfigurationPlatforms) = postSolution
		{8DE959C4-C197-45C3-8314-7674F7D3BC52}.Debug|Any CPU.ActiveCfg = Debug|Any CPU
		{8DE959C4-C197-45C3-8314-7674F7D3BC52}.Debug|Any CPU.Build.0 = Debug|Any CPU
		{8DE959C4-C197-45C3-8314-7674F7D3BC52}.Release|Any CPU.ActiveCfg = Release|Any CPU
		{8DE959C4-C197-45C3-8314-7674F7D3BC52}.Release|Any CPU.Build.0 = Release|Any CPU
		{82DEB8FC-E65C-45D4-83A3-715EB73C25B8}.Debug|Any CPU.ActiveCfg = Debug|Any CPU
		{82DEB8FC-E65C-45D4-83A3-715EB73C25B8}.Debug|Any CPU.Build.0 = Debug|Any CPU
		{82DEB8FC-E65C-45D4-83A3-715EB73C25B8}.Release|Any CPU.ActiveCfg = Release|Any CPU
		{82DEB8FC-E65C-45D4-83A3-715EB73C25B8}.Release|Any CPU.Build.0 = Release|Any CPU
		{62C1F857-5F1A-4448-AE71-3BF58B618187}.Debug|Any CPU.ActiveCfg = Debug|Any CPU
		{62C1F857-5F1A-4448-AE71-3BF58B618187}.Debug|Any CPU.Build.0 = Debug|Any CPU
		{62C1F857-5F1A-4448-AE71-3BF58B618187}.Release|Any CPU.ActiveCfg = Release|Any CPU
		{62C1F857-5F1A-4448-AE71-3BF58B618187}.Release|Any CPU.Build.0 = Release|Any CPU
		{E144560E-A796-4FCA-8159-617385E00675}.Debug|Any CPU.ActiveCfg = Debug|Any CPU
		{E144560E-A796-4FCA-8159-617385E00675}.Debug|Any CPU.Build.0 = Debug|Any CPU
		{E144560E-A796-4FCA-8159-617385E00675}.Release|Any CPU.ActiveCfg = Release|Any CPU
		{E144560E-A796-4FCA-8159-617385E00675}.Release|Any CPU.Build.0 = Release|Any CPU
		{D0C4D262-D9BE-44B5-BADF-7EE633B6A3B2}.Debug|Any CPU.ActiveCfg = Debug|Any CPU
		{D0C4D262-D9BE-44B5-BADF-7EE633B6A3B2}.Debug|Any CPU.Build.0 = Debug|Any CPU
		{D0C4D262-D9BE-44B5-BADF-7EE633B6A3B2}.Release|Any CPU.ActiveCfg = Release|Any CPU
		{D0C4D262-D9BE-44B5-BADF-7EE633B6A3B2}.Release|Any CPU.Build.0 = Release|Any CPU
	EndGlobalSection
EndGlobal
